
Microsoft Visual Studio Solution File, Format Version 12.00
# Visual Studio Version 17
VisualStudioVersion = 17.2.32526.322
MinimumVisualStudioVersion = 10.0.40219.1
Project("{FAE04EC0-301F-11D3-BF4B-00C04F79EFBC}") = "Aula78.Redis", "Aula78.Redis\Aula78.Redis.csproj", "{852C6432-C005-49B5-9DC5-4511B599CCBB}"
EndProject
Project("{FAE04EC0-301F-11D3-BF4B-00C04F79EFBC}") = "Aula78.Redis.CarregarRedis", "Aula78.Redis.CarregarRedis\Aula78.Redis.CarregarRedis.csproj", "{1E271FC0-1D8C-4761-BF53-80453B857335}"
EndProject
Project("{FAE04EC0-301F-11D3-BF4B-00C04F79EFBC}") = "Aula78.Redis.API", "Aula78.Redis.API\Aula78.Redis.API.csproj", "{483747E2-201F-4385-A99D-93F1957D693B}"
EndProject
Global
	GlobalSection(SolutionConfigurationPlatforms) = preSolution
		Debug|Any CPU = Debug|Any CPU
		Release|Any CPU = Release|Any CPU
	EndGlobalSection
	GlobalSection(ProjectConfigurationPlatforms) = postSolution
		{852C6432-C005-49B5-9DC5-4511B599CCBB}.Debug|Any CPU.ActiveCfg = Debug|Any CPU
		{852C6432-C005-49B5-9DC5-4511B599CCBB}.Debug|Any CPU.Build.0 = Debug|Any CPU
		{852C6432-C005-49B5-9DC5-4511B599CCBB}.Release|Any CPU.ActiveCfg = Release|Any CPU
		{852C6432-C005-49B5-9DC5-4511B599CCBB}.Release|Any CPU.Build.0 = Release|Any CPU
		{1E271FC0-1D8C-4761-BF53-80453B857335}.Debug|Any CPU.ActiveCfg = Debug|Any CPU
		{1E271FC0-1D8C-4761-BF53-80453B857335}.Debug|Any CPU.Build.0 = Debug|Any CPU
		{1E271FC0-1D8C-4761-BF53-80453B857335}.Release|Any CPU.ActiveCfg = Release|Any CPU
		{1E271FC0-1D8C-4761-BF53-80453B857335}.Release|Any CPU.Build.0 = Release|Any CPU
		{483747E2-201F-4385-A99D-93F1957D693B}.Debug|Any CPU.ActiveCfg = Debug|Any CPU
		{483747E2-201F-4385-A99D-93F1957D693B}.Debug|Any CPU.Build.0 = Debug|Any CPU
		{483747E2-201F-4385-A99D-93F1957D693B}.Release|Any CPU.ActiveCfg = Release|Any CPU
		{483747E2-201F-4385-A99D-93F1957D693B}.Release|Any CPU.Build.0 = Release|Any CPU
	EndGlobalSection
	GlobalSection(SolutionProperties) = preSolution
		HideSolutionNode = FALSE
	EndGlobalSection
	GlobalSection(ExtensibilityGlobals) = postSolution
		SolutionGuid = {13526913-3D71-4EE6-9C6E-2DCF73EB6A29}
	EndGlobalSection
EndGlobal
